
Microsoft Visual Studio Solution File, Format Version 12.00
# Visual Studio Version 17
VisualStudioVersion = 17.9.34723.18
MinimumVisualStudioVersion = 10.0.40219.1
Project("{9A19103F-16F7-4668-BE54-9A1E7A4F7556}") = "ByteMaster Game Server Manager", "ByteMaster Game Server Manager.csproj", "{C54A4D36-5648-45D9-8695-071DC7257FFC}"
EndProject
Project("{54435603-DBB4-11D2-8724-00A0C9A8B90C}") = "ByteMaster Installer", "ByteMaster Installer\ByteMaster Installer.vdproj", "{EB3DA31B-87EC-4CE7-B763-D25028B1FFC7}"
EndProject
Global
	GlobalSection(SolutionConfigurationPlatforms) = preSolution
		Debug|Any CPU = Debug|Any CPU
		Debug|x64 = Debug|x64
		Release|Any CPU = Release|Any CPU
		Release|x64 = Release|x64
	EndGlobalSection
	GlobalSection(ProjectConfigurationPlatforms) = postSolution
		{C54A4D36-5648-45D9-8695-071DC7257FFC}.Debug|Any CPU.ActiveCfg = Release|Any CPU
		{C54A4D36-5648-45D9-8695-071DC7257FFC}.Debug|Any CPU.Build.0 = Release|Any CPU
		{C54A4D36-5648-45D9-8695-071DC7257FFC}.Debug|x64.ActiveCfg = Debug|x64
		{C54A4D36-5648-45D9-8695-071DC7257FFC}.Debug|x64.Build.0 = Debug|x64
		{C54A4D36-5648-45D9-8695-071DC7257FFC}.Release|Any CPU.ActiveCfg = Release|Any CPU
		{C54A4D36-5648-45D9-8695-071DC7257FFC}.Release|Any CPU.Build.0 = Release|Any CPU
		{C54A4D36-5648-45D9-8695-071DC7257FFC}.Release|x64.ActiveCfg = Release|x64
		{C54A4D36-5648-45D9-8695-071DC7257FFC}.Release|x64.Build.0 = Release|x64
		{EB3DA31B-87EC-4CE7-B763-D25028B1FFC7}.Debug|Any CPU.ActiveCfg = Release
		{EB3DA31B-87EC-4CE7-B763-D25028B1FFC7}.Debug|x64.ActiveCfg = Debug
		{EB3DA31B-87EC-4CE7-B763-D25028B1FFC7}.Release|Any CPU.ActiveCfg = Release
		{EB3DA31B-87EC-4CE7-B763-D25028B1FFC7}.Release|x64.ActiveCfg = Release
	EndGlobalSection
	GlobalSection(SolutionProperties) = preSolution
		HideSolutionNode = FALSE
	EndGlobalSection
	GlobalSection(ExtensibilityGlobals) = postSolution
		SolutionGuid = {EE017F3A-4CE1-4610-A8C5-18CF4446DB87}
	EndGlobalSection
EndGlobal
