
Microsoft Visual Studio Solution File, Format Version 12.00
# Visual Studio Version 17
VisualStudioVersion = 17.9.34723.18
MinimumVisualStudioVersion = 10.0.40219.1
Project("{9A19103F-16F7-4668-BE54-9A1E7A4F7556}") = "ByteMaster Game Server Manager", "ByteMaster Game Server Manager.csproj", "{C54A4D36-5648-45D9-8695-071DC7257FFC}"
EndProject
Global
	GlobalSection(SolutionConfigurationPlatforms) = preSolution
		Debug|Any CPU = Debug|Any CPU
		Release|Any CPU = Release|Any CPU
	EndGlobalSection
	GlobalSection(ProjectConfigurationPlatforms) = postSolution
		{C54A4D36-5648-45D9-8695-071DC7257FFC}.Debug|Any CPU.ActiveCfg = Debug|Any CPU
		{C54A4D36-5648-45D9-8695-071DC7257FFC}.Debug|Any CPU.Build.0 = Debug|Any CPU
		{C54A4D36-5648-45D9-8695-071DC7257FFC}.Release|Any CPU.ActiveCfg = Release|Any CPU
		{C54A4D36-5648-45D9-8695-071DC7257FFC}.Release|Any CPU.Build.0 = Release|Any CPU
	EndGlobalSection
	GlobalSection(SolutionProperties) = preSolution
		HideSolutionNode = FALSE
	EndGlobalSection
	GlobalSection(ExtensibilityGlobals) = postSolution
		SolutionGuid = {EE017F3A-4CE1-4610-A8C5-18CF4446DB87}
	EndGlobalSection
EndGlobal
